
Microsoft Visual Studio Solution File, Format Version 12.00
# Visual Studio Version 17
VisualStudioVersion = 17.10.35027.167
MinimumVisualStudioVersion = 10.0.40219.1
Project("{FAE04EC0-301F-11D3-BF4B-00C04F79EFBC}") = "travel-app", "travel-app.csproj", "{D96AB2F8-FEE3-41F2-B67A-E0E26F818099}"
EndProject
Global
	GlobalSection(SolutionConfigurationPlatforms) = preSolution
		Debug|Any CPU = Debug|Any CPU
		Release|Any CPU = Release|Any CPU
	EndGlobalSection
	GlobalSection(ProjectConfigurationPlatforms) = postSolution
		{D96AB2F8-FEE3-41F2-B67A-E0E26F818099}.Debug|Any CPU.ActiveCfg = Debug|Any CPU
		{D96AB2F8-FEE3-41F2-B67A-E0E26F818099}.Debug|Any CPU.Build.0 = Debug|Any CPU
		{D96AB2F8-FEE3-41F2-B67A-E0E26F818099}.Release|Any CPU.ActiveCfg = Release|Any CPU
		{D96AB2F8-FEE3-41F2-B67A-E0E26F818099}.Release|Any CPU.Build.0 = Release|Any CPU
	EndGlobalSection
	GlobalSection(SolutionProperties) = preSolution
		HideSolutionNode = FALSE
	EndGlobalSection
	GlobalSection(ExtensibilityGlobals) = postSolution
		SolutionGuid = {77A9BB2A-7507-489B-9C0B-BF658CB47CCD}
	EndGlobalSection
EndGlobal
